
Microsoft Visual Studio Solution File, Format Version 12.00
# Visual Studio Version 17
VisualStudioVersion = 17.5.2.0
MinimumVisualStudioVersion = 10.0.40219.1
Project("{FAE04EC0-301F-11D3-BF4B-00C04F79EFBC}") = "MobileChargingStationApp", "MobileChargingStationApp\MobileChargingStationApp.csproj", "{6629CB32-C4EA-BA31-F776-2CD715CD6AF2}"
EndProject
Project("{FAE04EC0-301F-11D3-BF4B-00C04F79EFBC}") = "MobileChargingStationApp.Tests", "MobileChargingStationApp.Tests\MobileChargingStationApp.Tests.csproj", "{D3AC2984-52B2-4D96-B908-F77D90481C87}"
EndProject
Project("{FAE04EC0-301F-11D3-BF4B-00C04F79EFBC}") = "MobileChargingStation.Library", "MobileChargingStation.Library\MobileChargingStation.Library.csproj", "{61672F26-AC64-4FD1-B4C6-309A4528ACFE}"
EndProject
Global
	GlobalSection(SolutionConfigurationPlatforms) = preSolution
		Debug|Any CPU = Debug|Any CPU
		Debug|x64 = Debug|x64
		Debug|x86 = Debug|x86
		Release|Any CPU = Release|Any CPU
		Release|x64 = Release|x64
		Release|x86 = Release|x86
	EndGlobalSection
	GlobalSection(ProjectConfigurationPlatforms) = postSolution
		{6629CB32-C4EA-BA31-F776-2CD715CD6AF2}.Debug|Any CPU.ActiveCfg = Debug|Any CPU
		{6629CB32-C4EA-BA31-F776-2CD715CD6AF2}.Debug|Any CPU.Build.0 = Debug|Any CPU
		{6629CB32-C4EA-BA31-F776-2CD715CD6AF2}.Debug|x64.ActiveCfg = Debug|Any CPU
		{6629CB32-C4EA-BA31-F776-2CD715CD6AF2}.Debug|x64.Build.0 = Debug|Any CPU
		{6629CB32-C4EA-BA31-F776-2CD715CD6AF2}.Debug|x86.ActiveCfg = Debug|Any CPU
		{6629CB32-C4EA-BA31-F776-2CD715CD6AF2}.Debug|x86.Build.0 = Debug|Any CPU
		{6629CB32-C4EA-BA31-F776-2CD715CD6AF2}.Release|Any CPU.ActiveCfg = Release|Any CPU
		{6629CB32-C4EA-BA31-F776-2CD715CD6AF2}.Release|Any CPU.Build.0 = Release|Any CPU
		{6629CB32-C4EA-BA31-F776-2CD715CD6AF2}.Release|x64.ActiveCfg = Release|Any CPU
		{6629CB32-C4EA-BA31-F776-2CD715CD6AF2}.Release|x64.Build.0 = Release|Any CPU
		{6629CB32-C4EA-BA31-F776-2CD715CD6AF2}.Release|x86.ActiveCfg = Release|Any CPU
		{6629CB32-C4EA-BA31-F776-2CD715CD6AF2}.Release|x86.Build.0 = Release|Any CPU
		{D3AC2984-52B2-4D96-B908-F77D90481C87}.Debug|Any CPU.ActiveCfg = Debug|Any CPU
		{D3AC2984-52B2-4D96-B908-F77D90481C87}.Debug|Any CPU.Build.0 = Debug|Any CPU
		{D3AC2984-52B2-4D96-B908-F77D90481C87}.Debug|x64.ActiveCfg = Debug|Any CPU
		{D3AC2984-52B2-4D96-B908-F77D90481C87}.Debug|x64.Build.0 = Debug|Any CPU
		{D3AC2984-52B2-4D96-B908-F77D90481C87}.Debug|x86.ActiveCfg = Debug|Any CPU
		{D3AC2984-52B2-4D96-B908-F77D90481C87}.Debug|x86.Build.0 = Debug|Any CPU
		{D3AC2984-52B2-4D96-B908-F77D90481C87}.Release|Any CPU.ActiveCfg = Release|Any CPU
		{D3AC2984-52B2-4D96-B908-F77D90481C87}.Release|Any CPU.Build.0 = Release|Any CPU
		{D3AC2984-52B2-4D96-B908-F77D90481C87}.Release|x64.ActiveCfg = Release|Any CPU
		{D3AC2984-52B2-4D96-B908-F77D90481C87}.Release|x64.Build.0 = Release|Any CPU
		{D3AC2984-52B2-4D96-B908-F77D90481C87}.Release|x86.ActiveCfg = Release|Any CPU
		{D3AC2984-52B2-4D96-B908-F77D90481C87}.Release|x86.Build.0 = Release|Any CPU
		{61672F26-AC64-4FD1-B4C6-309A4528ACFE}.Debug|Any CPU.ActiveCfg = Debug|Any CPU
		{61672F26-AC64-4FD1-B4C6-309A4528ACFE}.Debug|Any CPU.Build.0 = Debug|Any CPU
		{61672F26-AC64-4FD1-B4C6-309A4528ACFE}.Debug|x64.ActiveCfg = Debug|Any CPU
		{61672F26-AC64-4FD1-B4C6-309A4528ACFE}.Debug|x64.Build.0 = Debug|Any CPU
		{61672F26-AC64-4FD1-B4C6-309A4528ACFE}.Debug|x86.ActiveCfg = Debug|Any CPU
		{61672F26-AC64-4FD1-B4C6-309A4528ACFE}.Debug|x86.Build.0 = Debug|Any CPU
		{61672F26-AC64-4FD1-B4C6-309A4528ACFE}.Release|Any CPU.ActiveCfg = Release|Any CPU
		{61672F26-AC64-4FD1-B4C6-309A4528ACFE}.Release|Any CPU.Build.0 = Release|Any CPU
		{61672F26-AC64-4FD1-B4C6-309A4528ACFE}.Release|x64.ActiveCfg = Release|Any CPU
		{61672F26-AC64-4FD1-B4C6-309A4528ACFE}.Release|x64.Build.0 = Release|Any CPU
		{61672F26-AC64-4FD1-B4C6-309A4528ACFE}.Release|x86.ActiveCfg = Release|Any CPU
		{61672F26-AC64-4FD1-B4C6-309A4528ACFE}.Release|x86.Build.0 = Release|Any CPU
	EndGlobalSection
	GlobalSection(SolutionProperties) = preSolution
		HideSolutionNode = FALSE
	EndGlobalSection
	GlobalSection(ExtensibilityGlobals) = postSolution
		SolutionGuid = {97550B94-3C83-4778-BE1A-3C578940949D}
	EndGlobalSection
EndGlobal
